// !$*UTF8*$!
{
	archiveVersion = 1;
	classes = {
	};
	objectVersion = 48;
	objects = {

/* Begin PBXBuildFile section */
		2335C818C08412ABA790E455 /* libPods-Easy-All.a in Frameworks */ = {isa = PBXBuildFile; fileRef = 2696F10A3D81939386475F7F /* libPods-Easy-All.a */; };
		5506A4441F9F917200EFAE36 /* GameMainViewController.m in Sources */ = {isa = PBXBuildFile; fileRef = 5506A4431F9F917200EFAE36 /* GameMainViewController.m */; };
		5524B6E41F98F23C00681717 /* MaskView.m in Sources */ = {isa = PBXBuildFile; fileRef = 5524B6E31F98F23C00681717 /* MaskView.m */; };
		552FA3B81F7424DC009EB5B2 /* AppDelegate.m in Sources */ = {isa = PBXBuildFile; fileRef = 552FA3B71F7424DC009EB5B2 /* AppDelegate.m */; };
		552FA3C01F7424DC009EB5B2 /* Assets.xcassets in Resources */ = {isa = PBXBuildFile; fileRef = 552FA3BF1F7424DC009EB5B2 /* Assets.xcassets */; };
		552FA3C61F7424DC009EB5B2 /* main.m in Sources */ = {isa = PBXBuildFile; fileRef = 552FA3C51F7424DC009EB5B2 /* main.m */; };
		5534D19D1F7A9F5200BF84CF /* HouseLoanManager.m in Sources */ = {isa = PBXBuildFile; fileRef = 5534D19C1F7A9F5200BF84CF /* HouseLoanManager.m */; };
		5536F8141F7AAB8600765E15 /* MonthPayBean.m in Sources */ = {isa = PBXBuildFile; fileRef = 5536F8131F7AAB8600765E15 /* MonthPayBean.m */; };
		555D3B351F76B15F00C561FA /* MainViewController.m in Sources */ = {isa = PBXBuildFile; fileRef = 555D3B341F76B15F00C561FA /* MainViewController.m */; };
		55AA76FF1F82836000618628 /* InputBoxCell.m in Sources */ = {isa = PBXBuildFile; fileRef = 55AA76FE1F82836000618628 /* InputBoxCell.m */; };
		55B3EE7D1F7560C30073DB65 /* UIView+Frame.m in Sources */ = {isa = PBXBuildFile; fileRef = 55B3EE7C1F7560C30073DB65 /* UIView+Frame.m */; };
		55B3EE841F7570520073DB65 /* InfoDictionary.m in Sources */ = {isa = PBXBuildFile; fileRef = 55B3EE831F7570520073DB65 /* InfoDictionary.m */; };
		55B624F31F7C073D005B1E9D /* DeviceInfoViewController.m in Sources */ = {isa = PBXBuildFile; fileRef = 55B624F21F7C073D005B1E9D /* DeviceInfoViewController.m */; };
		55B624FB1F7C099D005B1E9D /* RadioBoxCell.m in Sources */ = {isa = PBXBuildFile; fileRef = 55B624FA1F7C099D005B1E9D /* RadioBoxCell.m */; };
		55F7B6D01F77623E0089B32F /* ApplicationInit.m in Sources */ = {isa = PBXBuildFile; fileRef = 55F7B6CF1F77623E0089B32F /* ApplicationInit.m */; };
		7403D6581F974BF700601FFE /* HouseLoanConfigViewController.m in Sources */ = {isa = PBXBuildFile; fileRef = 7403D6571F974BF700601FFE /* HouseLoanConfigViewController.m */; };
		741B75111F78A44E00BFDA2F /* HLFDDLogFormatter.m in Sources */ = {isa = PBXBuildFile; fileRef = 741B75101F78A44E00BFDA2F /* HLFDDLogFormatter.m */; };
		744E5D891F9F359E009AA1AB /* UIImage+TBUIAutoTest.m in Sources */ = {isa = PBXBuildFile; fileRef = 744E5D881F9F359E009AA1AB /* UIImage+TBUIAutoTest.m */; };
		74ADDF0A1F7651DC008980A5 /* CommonViewController.m in Sources */ = {isa = PBXBuildFile; fileRef = 74ADDF091F7651DC008980A5 /* CommonViewController.m */; };
		74ADDF0E1F7653C6008980A5 /* UIImage+Color.m in Sources */ = {isa = PBXBuildFile; fileRef = 74ADDF0D1F7653C6008980A5 /* UIImage+Color.m */; };
		74AEAF951F7A6CAB00D7095F /* MainList.plist in Resources */ = {isa = PBXBuildFile; fileRef = 74AEAF941F7A6CAB00D7095F /* MainList.plist */; };
		74C254651FA0841E008E80F2 /* ProgressBar.m in Sources */ = {isa = PBXBuildFile; fileRef = 74C254641FA0841E008E80F2 /* ProgressBar.m */; };
		74CC65DF1F959E1400A0210C /* AutoUIIDTestViewController.m in Sources */ = {isa = PBXBuildFile; fileRef = 74CC65DE1F959E1400A0210C /* AutoUIIDTestViewController.m */; };
		74CCEE521F7A271900A88A5B /* MainManager.m in Sources */ = {isa = PBXBuildFile; fileRef = 74CCEE511F7A271900A88A5B /* MainManager.m */; };
		74CCEE581F7A2BC400A88A5B /* MainBean.m in Sources */ = {isa = PBXBuildFile; fileRef = 74CCEE571F7A2BC400A88A5B /* MainBean.m */; };
		74CE3D371F98BECF005CC0A7 /* UIView+AutoAccessID.m in Sources */ = {isa = PBXBuildFile; fileRef = 74CE3D361F98BECF005CC0A7 /* UIView+AutoAccessID.m */; };
		74CE3D3A1F98CD22005CC0A7 /* UIResponder+AutoAccessID.m in Sources */ = {isa = PBXBuildFile; fileRef = 74CE3D391F98CD22005CC0A7 /* UIResponder+AutoAccessID.m */; };
		74CE3D3D1F99EAE4005CC0A7 /* TestView.m in Sources */ = {isa = PBXBuildFile; fileRef = 74CE3D3C1F99EAE4005CC0A7 /* TestView.m */; };
/* End PBXBuildFile section */

/* Begin PBXFileReference section */
		2696F10A3D81939386475F7F /* libPods-Easy-All.a */ = {isa = PBXFileReference; explicitFileType = archive.ar; includeInIndex = 0; path = "libPods-Easy-All.a"; sourceTree = BUILT_PRODUCTS_DIR; };
		4B38C7397BD77B4D5754A1DE /* Pods-Easy-All.release.xcconfig */ = {isa = PBXFileReference; includeInIndex = 1; lastKnownFileType = text.xcconfig; name = "Pods-Easy-All.release.xcconfig"; path = "Pods/Target Support Files/Pods-Easy-All/Pods-Easy-All.release.xcconfig"; sourceTree = "<group>"; };
		5506A4421F9F917200EFAE36 /* GameMainViewController.h */ = {isa = PBXFileReference; lastKnownFileType = sourcecode.c.h; path = GameMainViewController.h; sourceTree = "<group>"; };
		5506A4431F9F917200EFAE36 /* GameMainViewController.m */ = {isa = PBXFileReference; lastKnownFileType = sourcecode.c.objc; path = GameMainViewController.m; sourceTree = "<group>"; };
		5524B6E21F98F23C00681717 /* MaskView.h */ = {isa = PBXFileReference; lastKnownFileType = sourcecode.c.h; path = MaskView.h; sourceTree = "<group>"; };
		5524B6E31F98F23C00681717 /* MaskView.m */ = {isa = PBXFileReference; lastKnownFileType = sourcecode.c.objc; path = MaskView.m; sourceTree = "<group>"; };
		552FA3B31F7424DC009EB5B2 /* Easy-All.app */ = {isa = PBXFileReference; explicitFileType = wrapper.application; includeInIndex = 0; path = "Easy-All.app"; sourceTree = BUILT_PRODUCTS_DIR; };
		552FA3B61F7424DC009EB5B2 /* AppDelegate.h */ = {isa = PBXFileReference; lastKnownFileType = sourcecode.c.h; path = AppDelegate.h; sourceTree = "<group>"; };
		552FA3B71F7424DC009EB5B2 /* AppDelegate.m */ = {isa = PBXFileReference; lastKnownFileType = sourcecode.c.objc; path = AppDelegate.m; sourceTree = "<group>"; };
		552FA3BF1F7424DC009EB5B2 /* Assets.xcassets */ = {isa = PBXFileReference; lastKnownFileType = folder.assetcatalog; path = Assets.xcassets; sourceTree = "<group>"; };
		552FA3C41F7424DC009EB5B2 /* Info.plist */ = {isa = PBXFileReference; lastKnownFileType = text.plist.xml; path = Info.plist; sourceTree = "<group>"; };
		552FA3C51F7424DC009EB5B2 /* main.m */ = {isa = PBXFileReference; lastKnownFileType = sourcecode.c.objc; path = main.m; sourceTree = "<group>"; };
		5534D19B1F7A9F5200BF84CF /* HouseLoanManager.h */ = {isa = PBXFileReference; lastKnownFileType = sourcecode.c.h; path = HouseLoanManager.h; sourceTree = "<group>"; };
		5534D19C1F7A9F5200BF84CF /* HouseLoanManager.m */ = {isa = PBXFileReference; lastKnownFileType = sourcecode.c.objc; path = HouseLoanManager.m; sourceTree = "<group>"; };
		5536F8121F7AAB8600765E15 /* MonthPayBean.h */ = {isa = PBXFileReference; lastKnownFileType = sourcecode.c.h; path = MonthPayBean.h; sourceTree = "<group>"; };
		5536F8131F7AAB8600765E15 /* MonthPayBean.m */ = {isa = PBXFileReference; lastKnownFileType = sourcecode.c.objc; path = MonthPayBean.m; sourceTree = "<group>"; };
		555D3B331F76B15F00C561FA /* MainViewController.h */ = {isa = PBXFileReference; lastKnownFileType = sourcecode.c.h; path = MainViewController.h; sourceTree = "<group>"; };
		555D3B341F76B15F00C561FA /* MainViewController.m */ = {isa = PBXFileReference; lastKnownFileType = sourcecode.c.objc; path = MainViewController.m; sourceTree = "<group>"; };
		55AA76FD1F82836000618628 /* InputBoxCell.h */ = {isa = PBXFileReference; lastKnownFileType = sourcecode.c.h; path = InputBoxCell.h; sourceTree = "<group>"; };
		55AA76FE1F82836000618628 /* InputBoxCell.m */ = {isa = PBXFileReference; lastKnownFileType = sourcecode.c.objc; path = InputBoxCell.m; sourceTree = "<group>"; };
		55B3EE7B1F7560C30073DB65 /* UIView+Frame.h */ = {isa = PBXFileReference; lastKnownFileType = sourcecode.c.h; path = "UIView+Frame.h"; sourceTree = "<group>"; };
		55B3EE7C1F7560C30073DB65 /* UIView+Frame.m */ = {isa = PBXFileReference; lastKnownFileType = sourcecode.c.objc; path = "UIView+Frame.m"; sourceTree = "<group>"; };
		55B3EE821F7570520073DB65 /* InfoDictionary.h */ = {isa = PBXFileReference; lastKnownFileType = sourcecode.c.h; path = InfoDictionary.h; sourceTree = "<group>"; };
		55B3EE831F7570520073DB65 /* InfoDictionary.m */ = {isa = PBXFileReference; lastKnownFileType = sourcecode.c.objc; path = InfoDictionary.m; sourceTree = "<group>"; };
		55B624F11F7C073D005B1E9D /* DeviceInfoViewController.h */ = {isa = PBXFileReference; fileEncoding = 4; lastKnownFileType = sourcecode.c.h; path = DeviceInfoViewController.h; sourceTree = "<group>"; };
		55B624F21F7C073D005B1E9D /* DeviceInfoViewController.m */ = {isa = PBXFileReference; fileEncoding = 4; lastKnownFileType = sourcecode.c.objc; path = DeviceInfoViewController.m; sourceTree = "<group>"; };
		55B624F91F7C099D005B1E9D /* RadioBoxCell.h */ = {isa = PBXFileReference; lastKnownFileType = sourcecode.c.h; path = RadioBoxCell.h; sourceTree = "<group>"; };
		55B624FA1F7C099D005B1E9D /* RadioBoxCell.m */ = {isa = PBXFileReference; lastKnownFileType = sourcecode.c.objc; path = RadioBoxCell.m; sourceTree = "<group>"; };
		55F7B6C21F76BFD70089B32F /* LaunchScreen.storyboard */ = {isa = PBXFileReference; lastKnownFileType = file.storyboard; path = LaunchScreen.storyboard; sourceTree = "<group>"; };
		55F7B6CE1F77623E0089B32F /* ApplicationInit.h */ = {isa = PBXFileReference; lastKnownFileType = sourcecode.c.h; path = ApplicationInit.h; sourceTree = "<group>"; };
		55F7B6CF1F77623E0089B32F /* ApplicationInit.m */ = {isa = PBXFileReference; lastKnownFileType = sourcecode.c.objc; path = ApplicationInit.m; sourceTree = "<group>"; };
		692A85F1BB50A18BF0605C34 /* Pods-Easy-All.debug.xcconfig */ = {isa = PBXFileReference; includeInIndex = 1; lastKnownFileType = text.xcconfig; name = "Pods-Easy-All.debug.xcconfig"; path = "Pods/Target Support Files/Pods-Easy-All/Pods-Easy-All.debug.xcconfig"; sourceTree = "<group>"; };
		7403D6561F974BF700601FFE /* HouseLoanConfigViewController.h */ = {isa = PBXFileReference; fileEncoding = 4; lastKnownFileType = sourcecode.c.h; path = HouseLoanConfigViewController.h; sourceTree = "<group>"; };
		7403D6571F974BF700601FFE /* HouseLoanConfigViewController.m */ = {isa = PBXFileReference; fileEncoding = 4; lastKnownFileType = sourcecode.c.objc; path = HouseLoanConfigViewController.m; sourceTree = "<group>"; };
		741B750F1F78A44E00BFDA2F /* HLFDDLogFormatter.h */ = {isa = PBXFileReference; fileEncoding = 4; lastKnownFileType = sourcecode.c.h; path = HLFDDLogFormatter.h; sourceTree = "<group>"; };
		741B75101F78A44E00BFDA2F /* HLFDDLogFormatter.m */ = {isa = PBXFileReference; fileEncoding = 4; lastKnownFileType = sourcecode.c.objc; path = HLFDDLogFormatter.m; sourceTree = "<group>"; };
		744E5D871F9F359E009AA1AB /* UIImage+TBUIAutoTest.h */ = {isa = PBXFileReference; fileEncoding = 4; lastKnownFileType = sourcecode.c.h; path = "UIImage+TBUIAutoTest.h"; sourceTree = "<group>"; };
		744E5D881F9F359E009AA1AB /* UIImage+TBUIAutoTest.m */ = {isa = PBXFileReference; fileEncoding = 4; lastKnownFileType = sourcecode.c.objc; path = "UIImage+TBUIAutoTest.m"; sourceTree = "<group>"; };
		74ADDF081F7651DC008980A5 /* CommonViewController.h */ = {isa = PBXFileReference; fileEncoding = 4; lastKnownFileType = sourcecode.c.h; path = CommonViewController.h; sourceTree = "<group>"; };
		74ADDF091F7651DC008980A5 /* CommonViewController.m */ = {isa = PBXFileReference; fileEncoding = 4; lastKnownFileType = sourcecode.c.objc; path = CommonViewController.m; sourceTree = "<group>"; };
		74ADDF0C1F7653C6008980A5 /* UIImage+Color.h */ = {isa = PBXFileReference; fileEncoding = 4; lastKnownFileType = sourcecode.c.h; path = "UIImage+Color.h"; sourceTree = "<group>"; };
		74ADDF0D1F7653C6008980A5 /* UIImage+Color.m */ = {isa = PBXFileReference; fileEncoding = 4; lastKnownFileType = sourcecode.c.objc; path = "UIImage+Color.m"; sourceTree = "<group>"; };
		74ADDF101F7653EC008980A5 /* UIColorDefine.h */ = {isa = PBXFileReference; fileEncoding = 4; lastKnownFileType = sourcecode.c.h; path = UIColorDefine.h; sourceTree = "<group>"; };
		74ADDF111F76541B008980A5 /* PrefixHeader.pch */ = {isa = PBXFileReference; lastKnownFileType = sourcecode.c.h; path = PrefixHeader.pch; sourceTree = "<group>"; };
		74ADDF121F7656B0008980A5 /* CommonDefine.pch */ = {isa = PBXFileReference; lastKnownFileType = sourcecode.c.h; path = CommonDefine.pch; sourceTree = "<group>"; };
		74AEAF941F7A6CAB00D7095F /* MainList.plist */ = {isa = PBXFileReference; fileEncoding = 4; lastKnownFileType = text.plist.xml; path = MainList.plist; sourceTree = "<group>"; };
		74C254631FA0841E008E80F2 /* ProgressBar.h */ = {isa = PBXFileReference; fileEncoding = 4; lastKnownFileType = sourcecode.c.h; path = ProgressBar.h; sourceTree = "<group>"; };
		74C254641FA0841E008E80F2 /* ProgressBar.m */ = {isa = PBXFileReference; fileEncoding = 4; lastKnownFileType = sourcecode.c.objc; path = ProgressBar.m; sourceTree = "<group>"; };
		74CC65DD1F959E1400A0210C /* AutoUIIDTestViewController.h */ = {isa = PBXFileReference; fileEncoding = 4; lastKnownFileType = sourcecode.c.h; path = AutoUIIDTestViewController.h; sourceTree = "<group>"; };
		74CC65DE1F959E1400A0210C /* AutoUIIDTestViewController.m */ = {isa = PBXFileReference; fileEncoding = 4; lastKnownFileType = sourcecode.c.objc; path = AutoUIIDTestViewController.m; sourceTree = "<group>"; };
		74CCEE501F7A271900A88A5B /* MainManager.h */ = {isa = PBXFileReference; fileEncoding = 4; lastKnownFileType = sourcecode.c.h; path = MainManager.h; sourceTree = "<group>"; };
		74CCEE511F7A271900A88A5B /* MainManager.m */ = {isa = PBXFileReference; fileEncoding = 4; lastKnownFileType = sourcecode.c.objc; path = MainManager.m; sourceTree = "<group>"; };
		74CCEE561F7A2BC400A88A5B /* MainBean.h */ = {isa = PBXFileReference; fileEncoding = 4; lastKnownFileType = sourcecode.c.h; path = MainBean.h; sourceTree = "<group>"; };
		74CCEE571F7A2BC400A88A5B /* MainBean.m */ = {isa = PBXFileReference; fileEncoding = 4; lastKnownFileType = sourcecode.c.objc; path = MainBean.m; sourceTree = "<group>"; };
		74CE3D351F98BECF005CC0A7 /* UIView+AutoAccessID.h */ = {isa = PBXFileReference; fileEncoding = 4; lastKnownFileType = sourcecode.c.h; path = "UIView+AutoAccessID.h"; sourceTree = "<group>"; };
		74CE3D361F98BECF005CC0A7 /* UIView+AutoAccessID.m */ = {isa = PBXFileReference; fileEncoding = 4; lastKnownFileType = sourcecode.c.objc; path = "UIView+AutoAccessID.m"; sourceTree = "<group>"; };
		74CE3D381F98CD22005CC0A7 /* UIResponder+AutoAccessID.h */ = {isa = PBXFileReference; fileEncoding = 4; lastKnownFileType = sourcecode.c.h; path = "UIResponder+AutoAccessID.h"; sourceTree = "<group>"; };
		74CE3D391F98CD22005CC0A7 /* UIResponder+AutoAccessID.m */ = {isa = PBXFileReference; fileEncoding = 4; lastKnownFileType = sourcecode.c.objc; path = "UIResponder+AutoAccessID.m"; sourceTree = "<group>"; };
		74CE3D3B1F99EAE4005CC0A7 /* TestView.h */ = {isa = PBXFileReference; fileEncoding = 4; lastKnownFileType = sourcecode.c.h; path = TestView.h; sourceTree = "<group>"; };
		74CE3D3C1F99EAE4005CC0A7 /* TestView.m */ = {isa = PBXFileReference; fileEncoding = 4; lastKnownFileType = sourcecode.c.objc; path = TestView.m; sourceTree = "<group>"; };
/* End PBXFileReference section */

/* Begin PBXFrameworksBuildPhase section */
		552FA3B01F7424DC009EB5B2 /* Frameworks */ = {
			isa = PBXFrameworksBuildPhase;
			buildActionMask = 2147483647;
			files = (
				2335C818C08412ABA790E455 /* libPods-Easy-All.a in Frameworks */,
			);
			runOnlyForDeploymentPostprocessing = 0;
		};
/* End PBXFrameworksBuildPhase section */

/* Begin PBXGroup section */
		552FA3AA1F7424DC009EB5B2 = {
			isa = PBXGroup;
			children = (
				552FA3B51F7424DC009EB5B2 /* Easy-All */,
				552FA3B41F7424DC009EB5B2 /* Products */,
				842E58931D9438720EBB0FC9 /* Pods */,
				D9816B0ABD331C0FE8F8CF2D /* Frameworks */,
			);
			sourceTree = "<group>";
		};
		552FA3B41F7424DC009EB5B2 /* Products */ = {
			isa = PBXGroup;
			children = (
				552FA3B31F7424DC009EB5B2 /* Easy-All.app */,
			);
			name = Products;
			sourceTree = "<group>";
		};
		552FA3B51F7424DC009EB5B2 /* Easy-All */ = {
			isa = PBXGroup;
			children = (
				74CE3D2C1F98BE85005CC0A7 /* Utility */,
				55B3EE781F7560040073DB65 /* Library */,
				552FA3CD1F74269F009EB5B2 /* Controller */,
				552FA3CC1F742695009EB5B2 /* Manager */,
				552FA3B61F7424DC009EB5B2 /* AppDelegate.h */,
				552FA3B71F7424DC009EB5B2 /* AppDelegate.m */,
				74ADDF111F76541B008980A5 /* PrefixHeader.pch */,
				552FA3BF1F7424DC009EB5B2 /* Assets.xcassets */,
				552FA3C41F7424DC009EB5B2 /* Info.plist */,
				552FA3C51F7424DC009EB5B2 /* main.m */,
				55F7B6C21F76BFD70089B32F /* LaunchScreen.storyboard */,
			);
			path = "Easy-All";
			sourceTree = "<group>";
		};
		552FA3CC1F742695009EB5B2 /* Manager */ = {
			isa = PBXGroup;
			children = (
				5534D19A1F7A9EE400BF84CF /* HouseLoan */,
				74CCEE4F1F7A227100A88A5B /* Main */,
				741B750E1F78A3CF00BFDA2F /* DDLog */,
				55F7B6CD1F77622B0089B32F /* ApplicationInit */,
			);
			path = Manager;
			sourceTree = "<group>";
		};
		552FA3CD1F74269F009EB5B2 /* Controller */ = {
			isa = PBXGroup;
			children = (
				5591B4DD1F9C7E2A00E26024 /* Game */,
				74CC65DC1F959DED00A0210C /* AutoUIIDTest */,
				74CC65D81F959D8B00A0210C /* HouseLoan */,
				55B624F01F7C073D005B1E9D /* DeviceInfo */,
				555D3B321F76B14900C561FA /* Main */,
			);
			path = Controller;
			sourceTree = "<group>";
		};
		5534D19A1F7A9EE400BF84CF /* HouseLoan */ = {
			isa = PBXGroup;
			children = (
				5534D19B1F7A9F5200BF84CF /* HouseLoanManager.h */,
				5534D19C1F7A9F5200BF84CF /* HouseLoanManager.m */,
				5536F8121F7AAB8600765E15 /* MonthPayBean.h */,
				5536F8131F7AAB8600765E15 /* MonthPayBean.m */,
			);
			path = HouseLoan;
			sourceTree = "<group>";
		};
		555D3B321F76B14900C561FA /* Main */ = {
			isa = PBXGroup;
			children = (
				555D3B331F76B15F00C561FA /* MainViewController.h */,
				555D3B341F76B15F00C561FA /* MainViewController.m */,
			);
			path = Main;
			sourceTree = "<group>";
		};
		5591B4DD1F9C7E2A00E26024 /* Game */ = {
			isa = PBXGroup;
			children = (
				5506A4421F9F917200EFAE36 /* GameMainViewController.h */,
				5506A4431F9F917200EFAE36 /* GameMainViewController.m */,
			);
			path = Game;
			sourceTree = "<group>";
		};
		55B3EE781F7560040073DB65 /* Library */ = {
			isa = PBXGroup;
			children = (
				55B624F81F7C0961005B1E9D /* UITableViewCell */,
				74ADDF0F1F7653EC008980A5 /* UIColor */,
				74ADDF0B1F7653C0008980A5 /* UIImage */,
				74ADDF071F7651C7008980A5 /* ViewController */,
				55B3EE7E1F75612A0073DB65 /* Common */,
				55B3EE791F7560310073DB65 /* UIView */,
				74ADDF121F7656B0008980A5 /* CommonDefine.pch */,
			);
			path = Library;
			sourceTree = "<group>";
		};
		55B3EE791F7560310073DB65 /* UIView */ = {
			isa = PBXGroup;
			children = (
				55B3EE7B1F7560C30073DB65 /* UIView+Frame.h */,
				55B3EE7C1F7560C30073DB65 /* UIView+Frame.m */,
				5524B6E21F98F23C00681717 /* MaskView.h */,
				5524B6E31F98F23C00681717 /* MaskView.m */,
				74C254631FA0841E008E80F2 /* ProgressBar.h */,
				74C254641FA0841E008E80F2 /* ProgressBar.m */,
			);
			path = UIView;
			sourceTree = "<group>";
		};
		55B3EE7E1F75612A0073DB65 /* Common */ = {
			isa = PBXGroup;
			children = (
				55B3EE821F7570520073DB65 /* InfoDictionary.h */,
				55B3EE831F7570520073DB65 /* InfoDictionary.m */,
			);
			path = Common;
			sourceTree = "<group>";
		};
		55B624F01F7C073D005B1E9D /* DeviceInfo */ = {
			isa = PBXGroup;
			children = (
				55B624F11F7C073D005B1E9D /* DeviceInfoViewController.h */,
				55B624F21F7C073D005B1E9D /* DeviceInfoViewController.m */,
			);
			path = DeviceInfo;
			sourceTree = "<group>";
		};
		55B624F81F7C0961005B1E9D /* UITableViewCell */ = {
			isa = PBXGroup;
			children = (
				55B624F91F7C099D005B1E9D /* RadioBoxCell.h */,
				55B624FA1F7C099D005B1E9D /* RadioBoxCell.m */,
				55AA76FD1F82836000618628 /* InputBoxCell.h */,
				55AA76FE1F82836000618628 /* InputBoxCell.m */,
			);
			path = UITableViewCell;
			sourceTree = "<group>";
		};
		55F7B6CD1F77622B0089B32F /* ApplicationInit */ = {
			isa = PBXGroup;
			children = (
				55F7B6CE1F77623E0089B32F /* ApplicationInit.h */,
				55F7B6CF1F77623E0089B32F /* ApplicationInit.m */,
			);
			path = ApplicationInit;
			sourceTree = "<group>";
		};
		741B750E1F78A3CF00BFDA2F /* DDLog */ = {
			isa = PBXGroup;
			children = (
				741B750F1F78A44E00BFDA2F /* HLFDDLogFormatter.h */,
				741B75101F78A44E00BFDA2F /* HLFDDLogFormatter.m */,
			);
			path = DDLog;
			sourceTree = "<group>";
		};
		74ADDF071F7651C7008980A5 /* ViewController */ = {
			isa = PBXGroup;
			children = (
				74ADDF081F7651DC008980A5 /* CommonViewController.h */,
				74ADDF091F7651DC008980A5 /* CommonViewController.m */,
			);
			path = ViewController;
			sourceTree = "<group>";
		};
		74ADDF0B1F7653C0008980A5 /* UIImage */ = {
			isa = PBXGroup;
			children = (
				74ADDF0C1F7653C6008980A5 /* UIImage+Color.h */,
				74ADDF0D1F7653C6008980A5 /* UIImage+Color.m */,
			);
			path = UIImage;
			sourceTree = "<group>";
		};
		74ADDF0F1F7653EC008980A5 /* UIColor */ = {
			isa = PBXGroup;
			children = (
				74ADDF101F7653EC008980A5 /* UIColorDefine.h */,
			);
			path = UIColor;
			sourceTree = "<group>";
		};
		74CC65D81F959D8B00A0210C /* HouseLoan */ = {
			isa = PBXGroup;
			children = (
				7403D6561F974BF700601FFE /* HouseLoanConfigViewController.h */,
				7403D6571F974BF700601FFE /* HouseLoanConfigViewController.m */,
			);
			path = HouseLoan;
			sourceTree = "<group>";
		};
		74CC65DC1F959DED00A0210C /* AutoUIIDTest */ = {
			isa = PBXGroup;
			children = (
				74CC65DD1F959E1400A0210C /* AutoUIIDTestViewController.h */,
				74CC65DE1F959E1400A0210C /* AutoUIIDTestViewController.m */,
				74CE3D3B1F99EAE4005CC0A7 /* TestView.h */,
				74CE3D3C1F99EAE4005CC0A7 /* TestView.m */,
			);
			path = AutoUIIDTest;
			sourceTree = "<group>";
		};
		74CCEE4F1F7A227100A88A5B /* Main */ = {
			isa = PBXGroup;
			children = (
				74CCEE501F7A271900A88A5B /* MainManager.h */,
				74CCEE511F7A271900A88A5B /* MainManager.m */,
				74CCEE561F7A2BC400A88A5B /* MainBean.h */,
				74CCEE571F7A2BC400A88A5B /* MainBean.m */,
				74AEAF941F7A6CAB00D7095F /* MainList.plist */,
			);
			path = Main;
			sourceTree = "<group>";
		};
		74CE3D2C1F98BE85005CC0A7 /* Utility */ = {
			isa = PBXGroup;
			children = (
				74CE3D341F98BECF005CC0A7 /* AutoUIID */,
			);
			path = Utility;
			sourceTree = "<group>";
		};
		74CE3D341F98BECF005CC0A7 /* AutoUIID */ = {
			isa = PBXGroup;
			children = (
				744E5D871F9F359E009AA1AB /* UIImage+TBUIAutoTest.h */,
				744E5D881F9F359E009AA1AB /* UIImage+TBUIAutoTest.m */,
				74CE3D351F98BECF005CC0A7 /* UIView+AutoAccessID.h */,
				74CE3D361F98BECF005CC0A7 /* UIView+AutoAccessID.m */,
				74CE3D381F98CD22005CC0A7 /* UIResponder+AutoAccessID.h */,
				74CE3D391F98CD22005CC0A7 /* UIResponder+AutoAccessID.m */,
			);
			path = AutoUIID;
			sourceTree = "<group>";
		};
		842E58931D9438720EBB0FC9 /* Pods */ = {
			isa = PBXGroup;
			children = (
				692A85F1BB50A18BF0605C34 /* Pods-Easy-All.debug.xcconfig */,
				4B38C7397BD77B4D5754A1DE /* Pods-Easy-All.release.xcconfig */,
			);
			name = Pods;
			sourceTree = "<group>";
		};
		D9816B0ABD331C0FE8F8CF2D /* Frameworks */ = {
			isa = PBXGroup;
			children = (
				2696F10A3D81939386475F7F /* libPods-Easy-All.a */,
			);
			name = Frameworks;
			sourceTree = "<group>";
		};
/* End PBXGroup section */

/* Begin PBXNativeTarget section */
		552FA3B21F7424DC009EB5B2 /* Easy-All */ = {
			isa = PBXNativeTarget;
			buildConfigurationList = 552FA3C91F7424DC009EB5B2 /* Build configuration list for PBXNativeTarget "Easy-All" */;
			buildPhases = (
				692603088FA74C4CD9DB6FAD /* [CP] Check Pods Manifest.lock */,
				552FA3AF1F7424DC009EB5B2 /* Sources */,
				552FA3B01F7424DC009EB5B2 /* Frameworks */,
				552FA3B11F7424DC009EB5B2 /* Resources */,
				ADEDD2C4423E45014C39A847 /* [CP] Embed Pods Frameworks */,
				2340BFA95143196BF71F2657 /* [CP] Copy Pods Resources */,
			);
			buildRules = (
			);
			dependencies = (
			);
			name = "Easy-All";
			productName = "Easy-All";
			productReference = 552FA3B31F7424DC009EB5B2 /* Easy-All.app */;
			productType = "com.apple.product-type.application";
		};
/* End PBXNativeTarget section */

/* Begin PBXProject section */
		552FA3AB1F7424DC009EB5B2 /* Project object */ = {
			isa = PBXProject;
			attributes = {
				LastUpgradeCheck = 0900;
				ORGANIZATIONNAME = chensa;
				TargetAttributes = {
					552FA3B21F7424DC009EB5B2 = {
						CreatedOnToolsVersion = 9.0;
						ProvisioningStyle = Automatic;
					};
				};
			};
			buildConfigurationList = 552FA3AE1F7424DC009EB5B2 /* Build configuration list for PBXProject "Easy-All" */;
			compatibilityVersion = "Xcode 8.0";
			developmentRegion = en;
			hasScannedForEncodings = 0;
			knownRegions = (
				en,
				Base,
			);
			mainGroup = 552FA3AA1F7424DC009EB5B2;
			productRefGroup = 552FA3B41F7424DC009EB5B2 /* Products */;
			projectDirPath = "";
			projectRoot = "";
			targets = (
				552FA3B21F7424DC009EB5B2 /* Easy-All */,
			);
		};
/* End PBXProject section */

/* Begin PBXResourcesBuildPhase section */
		552FA3B11F7424DC009EB5B2 /* Resources */ = {
			isa = PBXResourcesBuildPhase;
			buildActionMask = 2147483647;
			files = (
				552FA3C01F7424DC009EB5B2 /* Assets.xcassets in Resources */,
				74AEAF951F7A6CAB00D7095F /* MainList.plist in Resources */,
			);
			runOnlyForDeploymentPostprocessing = 0;
		};
/* End PBXResourcesBuildPhase section */

/* Begin PBXShellScriptBuildPhase section */
		2340BFA95143196BF71F2657 /* [CP] Copy Pods Resources */ = {
			isa = PBXShellScriptBuildPhase;
			buildActionMask = 2147483647;
			files = (
			);
			inputPaths = (
			);
			name = "[CP] Copy Pods Resources";
			outputPaths = (
			);
			runOnlyForDeploymentPostprocessing = 0;
			shellPath = /bin/sh;
			shellScript = "\"${SRCROOT}/Pods/Target Support Files/Pods-Easy-All/Pods-Easy-All-resources.sh\"\n";
			showEnvVarsInLog = 0;
		};
		692603088FA74C4CD9DB6FAD /* [CP] Check Pods Manifest.lock */ = {
			isa = PBXShellScriptBuildPhase;
			buildActionMask = 2147483647;
			files = (
			);
			inputPaths = (
			);
			name = "[CP] Check Pods Manifest.lock";
			outputPaths = (
			);
			runOnlyForDeploymentPostprocessing = 0;
			shellPath = /bin/sh;
			shellScript = "diff \"${PODS_ROOT}/../Podfile.lock\" \"${PODS_ROOT}/Manifest.lock\" > /dev/null\nif [ $? != 0 ] ; then\n    # print error to STDERR\n    echo \"error: The sandbox is not in sync with the Podfile.lock. Run 'pod install' or update your CocoaPods installation.\" >&2\n    exit 1\nfi\n";
			showEnvVarsInLog = 0;
		};
		ADEDD2C4423E45014C39A847 /* [CP] Embed Pods Frameworks */ = {
			isa = PBXShellScriptBuildPhase;
			buildActionMask = 2147483647;
			files = (
			);
			inputPaths = (
			);
			name = "[CP] Embed Pods Frameworks";
			outputPaths = (
			);
			runOnlyForDeploymentPostprocessing = 0;
			shellPath = /bin/sh;
			shellScript = "\"${SRCROOT}/Pods/Target Support Files/Pods-Easy-All/Pods-Easy-All-frameworks.sh\"\n";
			showEnvVarsInLog = 0;
		};
/* End PBXShellScriptBuildPhase section */

/* Begin PBXSourcesBuildPhase section */
		552FA3AF1F7424DC009EB5B2 /* Sources */ = {
			isa = PBXSourcesBuildPhase;
			buildActionMask = 2147483647;
			files = (
				74CE3D3A1F98CD22005CC0A7 /* UIResponder+AutoAccessID.m in Sources */,
				74CCEE581F7A2BC400A88A5B /* MainBean.m in Sources */,
				55B3EE7D1F7560C30073DB65 /* UIView+Frame.m in Sources */,
				74CE3D371F98BECF005CC0A7 /* UIView+AutoAccessID.m in Sources */,
				74C254651FA0841E008E80F2 /* ProgressBar.m in Sources */,
				55AA76FF1F82836000618628 /* InputBoxCell.m in Sources */,
				74ADDF0A1F7651DC008980A5 /* CommonViewController.m in Sources */,
				5534D19D1F7A9F5200BF84CF /* HouseLoanManager.m in Sources */,
				74CE3D3D1F99EAE4005CC0A7 /* TestView.m in Sources */,
				74CC65DF1F959E1400A0210C /* AutoUIIDTestViewController.m in Sources */,
				55B3EE841F7570520073DB65 /* InfoDictionary.m in Sources */,
				7403D6581F974BF700601FFE /* HouseLoanConfigViewController.m in Sources */,
				5536F8141F7AAB8600765E15 /* MonthPayBean.m in Sources */,
				55B624FB1F7C099D005B1E9D /* RadioBoxCell.m in Sources */,
				74CCEE521F7A271900A88A5B /* MainManager.m in Sources */,
				5506A4441F9F917200EFAE36 /* GameMainViewController.m in Sources */,
				5524B6E41F98F23C00681717 /* MaskView.m in Sources */,
				552FA3C61F7424DC009EB5B2 /* main.m in Sources */,
				55F7B6D01F77623E0089B32F /* ApplicationInit.m in Sources */,
				555D3B351F76B15F00C561FA /* MainViewController.m in Sources */,
				55B624F31F7C073D005B1E9D /* DeviceInfoViewController.m in Sources */,
				741B75111F78A44E00BFDA2F /* HLFDDLogFormatter.m in Sources */,
				74ADDF0E1F7653C6008980A5 /* UIImage+Color.m in Sources */,
				552FA3B81F7424DC009EB5B2 /* AppDelegate.m in Sources */,
				744E5D891F9F359E009AA1AB /* UIImage+TBUIAutoTest.m in Sources */,
			);
			runOnlyForDeploymentPostprocessing = 0;
		};
/* End PBXSourcesBuildPhase section */

/* Begin XCBuildConfiguration section */
		552FA3C71F7424DC009EB5B2 /* Debug */ = {
			isa = XCBuildConfiguration;
			buildSettings = {
				ALWAYS_SEARCH_USER_PATHS = NO;
				CLANG_ANALYZER_NONNULL = YES;
				CLANG_ANALYZER_NUMBER_OBJECT_CONVERSION = YES_AGGRESSIVE;
				CLANG_CXX_LANGUAGE_STANDARD = "gnu++14";
				CLANG_CXX_LIBRARY = "libc++";
				CLANG_ENABLE_MODULES = YES;
				CLANG_ENABLE_OBJC_ARC = YES;
				CLANG_WARN_BLOCK_CAPTURE_AUTORELEASING = YES;
				CLANG_WARN_BOOL_CONVERSION = YES;
				CLANG_WARN_COMMA = YES;
				CLANG_WARN_CONSTANT_CONVERSION = YES;
				CLANG_WARN_DIRECT_OBJC_ISA_USAGE = YES_ERROR;
				CLANG_WARN_DOCUMENTATION_COMMENTS = YES;
				CLANG_WARN_EMPTY_BODY = YES;
				CLANG_WARN_ENUM_CONVERSION = YES;
				CLANG_WARN_INFINITE_RECURSION = YES;
				CLANG_WARN_INT_CONVERSION = YES;
				CLANG_WARN_NON_LITERAL_NULL_CONVERSION = YES;
				CLANG_WARN_OBJC_LITERAL_CONVERSION = YES;
				CLANG_WARN_OBJC_ROOT_CLASS = YES_ERROR;
				CLANG_WARN_RANGE_LOOP_ANALYSIS = YES;
				CLANG_WARN_STRICT_PROTOTYPES = YES;
				CLANG_WARN_SUSPICIOUS_MOVE = YES;
				CLANG_WARN_UNGUARDED_AVAILABILITY = YES_AGGRESSIVE;
				CLANG_WARN_UNREACHABLE_CODE = YES;
				CLANG_WARN__DUPLICATE_METHOD_MATCH = YES;
				CODE_SIGN_IDENTITY = "iPhone Developer";
				COPY_PHASE_STRIP = NO;
				DEBUG_INFORMATION_FORMAT = dwarf;
				ENABLE_STRICT_OBJC_MSGSEND = YES;
				ENABLE_TESTABILITY = YES;
				GCC_C_LANGUAGE_STANDARD = gnu11;
				GCC_DYNAMIC_NO_PIC = NO;
				GCC_NO_COMMON_BLOCKS = YES;
				GCC_OPTIMIZATION_LEVEL = 0;
				GCC_PREPROCESSOR_DEFINITIONS = (
					"DEBUG=1",
					"$(inherited)",
				);
				GCC_WARN_64_TO_32_BIT_CONVERSION = YES;
				GCC_WARN_ABOUT_RETURN_TYPE = YES_ERROR;
				GCC_WARN_UNDECLARED_SELECTOR = YES;
				GCC_WARN_UNINITIALIZED_AUTOS = YES_AGGRESSIVE;
				GCC_WARN_UNUSED_FUNCTION = YES;
				GCC_WARN_UNUSED_VARIABLE = YES;
				IPHONEOS_DEPLOYMENT_TARGET = 8.0;
				MTL_ENABLE_DEBUG_INFO = YES;
				ONLY_ACTIVE_ARCH = YES;
				SDKROOT = iphoneos;
			};
			name = Debug;
		};
		552FA3C81F7424DC009EB5B2 /* Release */ = {
			isa = XCBuildConfiguration;
			buildSettings = {
				ALWAYS_SEARCH_USER_PATHS = NO;
				CLANG_ANALYZER_NONNULL = YES;
				CLANG_ANALYZER_NUMBER_OBJECT_CONVERSION = YES_AGGRESSIVE;
				CLANG_CXX_LANGUAGE_STANDARD = "gnu++14";
				CLANG_CXX_LIBRARY = "libc++";
				CLANG_ENABLE_MODULES = YES;
				CLANG_ENABLE_OBJC_ARC = YES;
				CLANG_WARN_BLOCK_CAPTURE_AUTORELEASING = YES;
				CLANG_WARN_BOOL_CONVERSION = YES;
				CLANG_WARN_COMMA = YES;
				CLANG_WARN_CONSTANT_CONVERSION = YES;
				CLANG_WARN_DIRECT_OBJC_ISA_USAGE = YES_ERROR;
				CLANG_WARN_DOCUMENTATION_COMMENTS = YES;
				CLANG_WARN_EMPTY_BODY = YES;
				CLANG_WARN_ENUM_CONVERSION = YES;
				CLANG_WARN_INFINITE_RECURSION = YES;
				CLANG_WARN_INT_CONVERSION = YES;
				CLANG_WARN_NON_LITERAL_NULL_CONVERSION = YES;
				CLANG_WARN_OBJC_LITERAL_CONVERSION = YES;
				CLANG_WARN_OBJC_ROOT_CLASS = YES_ERROR;
				CLANG_WARN_RANGE_LOOP_ANALYSIS = YES;
				CLANG_WARN_STRICT_PROTOTYPES = YES;
				CLANG_WARN_SUSPICIOUS_MOVE = YES;
				CLANG_WARN_UNGUARDED_AVAILABILITY = YES_AGGRESSIVE;
				CLANG_WARN_UNREACHABLE_CODE = YES;
				CLANG_WARN__DUPLICATE_METHOD_MATCH = YES;
				CODE_SIGN_IDENTITY = "iPhone Developer";
				COPY_PHASE_STRIP = NO;
				DEBUG_INFORMATION_FORMAT = "dwarf-with-dsym";
				ENABLE_NS_ASSERTIONS = NO;
				ENABLE_STRICT_OBJC_MSGSEND = YES;
				GCC_C_LANGUAGE_STANDARD = gnu11;
				GCC_NO_COMMON_BLOCKS = YES;
				GCC_WARN_64_TO_32_BIT_CONVERSION = YES;
				GCC_WARN_ABOUT_RETURN_TYPE = YES_ERROR;
				GCC_WARN_UNDECLARED_SELECTOR = YES;
				GCC_WARN_UNINITIALIZED_AUTOS = YES_AGGRESSIVE;
				GCC_WARN_UNUSED_FUNCTION = YES;
				GCC_WARN_UNUSED_VARIABLE = YES;
				IPHONEOS_DEPLOYMENT_TARGET = 8.0;
				MTL_ENABLE_DEBUG_INFO = NO;
				SDKROOT = iphoneos;
				VALIDATE_PRODUCT = YES;
			};
			name = Release;
		};
		552FA3CA1F7424DC009EB5B2 /* Debug */ = {
			isa = XCBuildConfiguration;
			baseConfigurationReference = 692A85F1BB50A18BF0605C34 /* Pods-Easy-All.debug.xcconfig */;
			buildSettings = {
				ASSETCATALOG_COMPILER_APPICON_NAME = AppIcon;
				CODE_SIGN_STYLE = Automatic;
				DEVELOPMENT_TEAM = UNB348Y3D7;
				GCC_ENABLE_BUILTIN_FUNCTIONS = YES;
				GCC_PREFIX_HEADER = "Easy-All/PrefixHeader.pch";
				INFOPLIST_FILE = "Easy-All/Info.plist";
				IPHONEOS_DEPLOYMENT_TARGET = 8.0;
				LD_RUNPATH_SEARCH_PATHS = "$(inherited) @executable_path/Frameworks";
				PRODUCT_BUNDLE_IDENTIFIER = "com.chensa.Easy-All";
				PRODUCT_NAME = "$(TARGET_NAME)";
				TARGETED_DEVICE_FAMILY = 1;
			};
			name = Debug;
		};
		552FA3CB1F7424DC009EB5B2 /* Release */ = {
			isa = XCBuildConfiguration;
			baseConfigurationReference = 4B38C7397BD77B4D5754A1DE /* Pods-Easy-All.release.xcconfig */;
			buildSettings = {
				ASSETCATALOG_COMPILER_APPICON_NAME = AppIcon;
				CODE_SIGN_STYLE = Automatic;
				DEVELOPMENT_TEAM = UNB348Y3D7;
				GCC_ENABLE_BUILTIN_FUNCTIONS = YES;
				GCC_PREFIX_HEADER = "Easy-All/PrefixHeader.pch";
				INFOPLIST_FILE = "Easy-All/Info.plist";
				IPHONEOS_DEPLOYMENT_TARGET = 8.0;
				LD_RUNPATH_SEARCH_PATHS = "$(inherited) @executable_path/Frameworks";
				PRODUCT_BUNDLE_IDENTIFIER = "com.chensa.Easy-All";
				PRODUCT_NAME = "$(TARGET_NAME)";
				TARGETED_DEVICE_FAMILY = 1;
			};
			name = Release;
		};
/* End XCBuildConfiguration section */

/* Begin XCConfigurationList section */
		552FA3AE1F7424DC009EB5B2 /* Build configuration list for PBXProject "Easy-All" */ = {
			isa = XCConfigurationList;
			buildConfigurations = (
				552FA3C71F7424DC009EB5B2 /* Debug */,
				552FA3C81F7424DC009EB5B2 /* Release */,
			);
			defaultConfigurationIsVisible = 0;
			defaultConfigurationName = Release;
		};
		552FA3C91F7424DC009EB5B2 /* Build configuration list for PBXNativeTarget "Easy-All" */ = {
			isa = XCConfigurationList;
			buildConfigurations = (
				552FA3CA1F7424DC009EB5B2 /* Debug */,
				552FA3CB1F7424DC009EB5B2 /* Release */,
			);
			defaultConfigurationIsVisible = 0;
			defaultConfigurationName = Release;
		};
/* End XCConfigurationList section */
	};
	rootObject = 552FA3AB1F7424DC009EB5B2 /* Project object */;
}
